// !$*UTF8*$!
{
	archiveVersion = 1;
	classes = {
	};
	objectVersion = 56;
	objects = {

/* Begin PBXBuildFile section */
		922915A52C7831240009D287 /* AppDelegate.swift in Sources */ = {isa = PBXBuildFile; fileRef = 922915A42C7831240009D287 /* AppDelegate.swift */; };
		922915A72C7831240009D287 /* SceneDelegate.swift in Sources */ = {isa = PBXBuildFile; fileRef = 922915A62C7831240009D287 /* SceneDelegate.swift */; };
		922915A92C7831240009D287 /* ViewController.swift in Sources */ = {isa = PBXBuildFile; fileRef = 922915A82C7831240009D287 /* ViewController.swift */; };
		922915AC2C7831240009D287 /* Base in Resources */ = {isa = PBXBuildFile; fileRef = 922915AB2C7831240009D287 /* Base */; };
		922915AE2C7831260009D287 /* Assets.xcassets in Resources */ = {isa = PBXBuildFile; fileRef = 922915AD2C7831260009D287 /* Assets.xcassets */; };
		922915B12C7831260009D287 /* Base in Resources */ = {isa = PBXBuildFile; fileRef = 922915B02C7831260009D287 /* Base */; };
		922915BC2C7831260009D287 /* SwiftUIInToUIKitTests.swift in Sources */ = {isa = PBXBuildFile; fileRef = 922915BB2C7831260009D287 /* SwiftUIInToUIKitTests.swift */; };
		922915C62C7831260009D287 /* SwiftUIInToUIKitUITests.swift in Sources */ = {isa = PBXBuildFile; fileRef = 922915C52C7831260009D287 /* SwiftUIInToUIKitUITests.swift */; };
		922915C82C7831260009D287 /* SwiftUIInToUIKitUITestsLaunchTests.swift in Sources */ = {isa = PBXBuildFile; fileRef = 922915C72C7831260009D287 /* SwiftUIInToUIKitUITestsLaunchTests.swift */; };
		922915D52C7831690009D287 /* DemoView.swift in Sources */ = {isa = PBXBuildFile; fileRef = 922915D42C7831690009D287 /* DemoView.swift */; };
		9232563D2C783C33005DA792 /* SwiftUIViewController.swift in Sources */ = {isa = PBXBuildFile; fileRef = 9232563C2C783C33005DA792 /* SwiftUIViewController.swift */; };
/* End PBXBuildFile section */

/* Begin PBXContainerItemProxy section */
		922915B82C7831260009D287 /* PBXContainerItemProxy */ = {
			isa = PBXContainerItemProxy;
			containerPortal = 922915992C7831240009D287 /* Project object */;
			proxyType = 1;
			remoteGlobalIDString = 922915A02C7831240009D287;
			remoteInfo = SwiftUIInToUIKit;
		};
		922915C22C7831260009D287 /* PBXContainerItemProxy */ = {
			isa = PBXContainerItemProxy;
			containerPortal = 922915992C7831240009D287 /* Project object */;
			proxyType = 1;
			remoteGlobalIDString = 922915A02C7831240009D287;
			remoteInfo = SwiftUIInToUIKit;
		};
/* End PBXContainerItemProxy section */

/* Begin PBXFileReference section */
		922915A12C7831240009D287 /* SwiftUIInToUIKit.app */ = {isa = PBXFileReference; explicitFileType = wrapper.application; includeInIndex = 0; path = SwiftUIInToUIKit.app; sourceTree = BUILT_PRODUCTS_DIR; };
		922915A42C7831240009D287 /* AppDelegate.swift */ = {isa = PBXFileReference; lastKnownFileType = sourcecode.swift; path = AppDelegate.swift; sourceTree = "<group>"; };
		922915A62C7831240009D287 /* SceneDelegate.swift */ = {isa = PBXFileReference; lastKnownFileType = sourcecode.swift; path = SceneDelegate.swift; sourceTree = "<group>"; };
		922915A82C7831240009D287 /* ViewController.swift */ = {isa = PBXFileReference; lastKnownFileType = sourcecode.swift; path = ViewController.swift; sourceTree = "<group>"; };
		922915AB2C7831240009D287 /* Base */ = {isa = PBXFileReference; lastKnownFileType = file.storyboard; name = Base; path = Base.lproj/Main.storyboard; sourceTree = "<group>"; };
		922915AD2C7831260009D287 /* Assets.xcassets */ = {isa = PBXFileReference; lastKnownFileType = folder.assetcatalog; path = Assets.xcassets; sourceTree = "<group>"; };
		922915B02C7831260009D287 /* Base */ = {isa = PBXFileReference; lastKnownFileType = file.storyboard; name = Base; path = Base.lproj/LaunchScreen.storyboard; sourceTree = "<group>"; };
		922915B22C7831260009D287 /* Info.plist */ = {isa = PBXFileReference; lastKnownFileType = text.plist.xml; path = Info.plist; sourceTree = "<group>"; };
		922915B72C7831260009D287 /* SwiftUIInToUIKitTests.xctest */ = {isa = PBXFileReference; explicitFileType = wrapper.cfbundle; includeInIndex = 0; path = SwiftUIInToUIKitTests.xctest; sourceTree = BUILT_PRODUCTS_DIR; };
		922915BB2C7831260009D287 /* SwiftUIInToUIKitTests.swift */ = {isa = PBXFileReference; lastKnownFileType = sourcecode.swift; path = SwiftUIInToUIKitTests.swift; sourceTree = "<group>"; };
		922915C12C7831260009D287 /* SwiftUIInToUIKitUITests.xctest */ = {isa = PBXFileReference; explicitFileType = wrapper.cfbundle; includeInIndex = 0; path = SwiftUIInToUIKitUITests.xctest; sourceTree = BUILT_PRODUCTS_DIR; };
		922915C52C7831260009D287 /* SwiftUIInToUIKitUITests.swift */ = {isa = PBXFileReference; lastKnownFileType = sourcecode.swift; path = SwiftUIInToUIKitUITests.swift; sourceTree = "<group>"; };
		922915C72C7831260009D287 /* SwiftUIInToUIKitUITestsLaunchTests.swift */ = {isa = PBXFileReference; lastKnownFileType = sourcecode.swift; path = SwiftUIInToUIKitUITestsLaunchTests.swift; sourceTree = "<group>"; };
		922915D42C7831690009D287 /* DemoView.swift */ = {isa = PBXFileReference; lastKnownFileType = sourcecode.swift; path = DemoView.swift; sourceTree = "<group>"; };
		9232563C2C783C33005DA792 /* SwiftUIViewController.swift */ = {isa = PBXFileReference; lastKnownFileType = sourcecode.swift; path = SwiftUIViewController.swift; sourceTree = "<group>"; };
/* End PBXFileReference section */

/* Begin PBXFrameworksBuildPhase section */
		9229159E2C7831240009D287 /* Frameworks */ = {
			isa = PBXFrameworksBuildPhase;
			buildActionMask = 2147483647;
			files = (
			);
			runOnlyForDeploymentPostprocessing = 0;
		};
		922915B42C7831260009D287 /* Frameworks */ = {
			isa = PBXFrameworksBuildPhase;
			buildActionMask = 2147483647;
			files = (
			);
			runOnlyForDeploymentPostprocessing = 0;
		};
		922915BE2C7831260009D287 /* Frameworks */ = {
			isa = PBXFrameworksBuildPhase;
			buildActionMask = 2147483647;
			files = (
			);
			runOnlyForDeploymentPostprocessing = 0;
		};
/* End PBXFrameworksBuildPhase section */

/* Begin PBXGroup section */
		922915982C7831240009D287 = {
			isa = PBXGroup;
			children = (
				922915A32C7831240009D287 /* SwiftUIInToUIKit */,
				922915BA2C7831260009D287 /* SwiftUIInToUIKitTests */,
				922915C42C7831260009D287 /* SwiftUIInToUIKitUITests */,
				922915A22C7831240009D287 /* Products */,
			);
			sourceTree = "<group>";
		};
		922915A22C7831240009D287 /* Products */ = {
			isa = PBXGroup;
			children = (
				922915A12C7831240009D287 /* SwiftUIInToUIKit.app */,
				922915B72C7831260009D287 /* SwiftUIInToUIKitTests.xctest */,
				922915C12C7831260009D287 /* SwiftUIInToUIKitUITests.xctest */,
			);
			name = Products;
			sourceTree = "<group>";
		};
		922915A32C7831240009D287 /* SwiftUIInToUIKit */ = {
			isa = PBXGroup;
			children = (
				922915A42C7831240009D287 /* AppDelegate.swift */,
				922915A62C7831240009D287 /* SceneDelegate.swift */,
				922915A82C7831240009D287 /* ViewController.swift */,
				922915AA2C7831240009D287 /* Main.storyboard */,
				922915AD2C7831260009D287 /* Assets.xcassets */,
				922915AF2C7831260009D287 /* LaunchScreen.storyboard */,
				922915B22C7831260009D287 /* Info.plist */,
				922915D42C7831690009D287 /* DemoView.swift */,
				9232563C2C783C33005DA792 /* SwiftUIViewController.swift */,
			);
			path = SwiftUIInToUIKit;
			sourceTree = "<group>";
		};
		922915BA2C7831260009D287 /* SwiftUIInToUIKitTests */ = {
			isa = PBXGroup;
			children = (
				922915BB2C7831260009D287 /* SwiftUIInToUIKitTests.swift */,
			);
			path = SwiftUIInToUIKitTests;
			sourceTree = "<group>";
		};
		922915C42C7831260009D287 /* SwiftUIInToUIKitUITests */ = {
			isa = PBXGroup;
			children = (
				922915C52C7831260009D287 /* SwiftUIInToUIKitUITests.swift */,
				922915C72C7831260009D287 /* SwiftUIInToUIKitUITestsLaunchTests.swift */,
			);
			path = SwiftUIInToUIKitUITests;
			sourceTree = "<group>";
		};
/* End PBXGroup section */

/* Begin PBXNativeTarget section */
		922915A02C7831240009D287 /* SwiftUIInToUIKit */ = {
			isa = PBXNativeTarget;
			buildConfigurationList = 922915CB2C7831260009D287 /* Build configuration list for PBXNativeTarget "SwiftUIInToUIKit" */;
			buildPhases = (
				9229159D2C7831240009D287 /* Sources */,
				9229159E2C7831240009D287 /* Frameworks */,
				9229159F2C7831240009D287 /* Resources */,
			);
			buildRules = (
			);
			dependencies = (
			);
			name = SwiftUIInToUIKit;
			productName = SwiftUIInToUIKit;
			productReference = 922915A12C7831240009D287 /* SwiftUIInToUIKit.app */;
			productType = "com.apple.product-type.application";
		};
		922915B62C7831260009D287 /* SwiftUIInToUIKitTests */ = {
			isa = PBXNativeTarget;
			buildConfigurationList = 922915CE2C7831260009D287 /* Build configuration list for PBXNativeTarget "SwiftUIInToUIKitTests" */;
			buildPhases = (
				922915B32C7831260009D287 /* Sources */,
				922915B42C7831260009D287 /* Frameworks */,
				922915B52C7831260009D287 /* Resources */,
			);
			buildRules = (
			);
			dependencies = (
				922915B92C7831260009D287 /* PBXTargetDependency */,
			);
			name = SwiftUIInToUIKitTests;
			productName = SwiftUIInToUIKitTests;
			productReference = 922915B72C7831260009D287 /* SwiftUIInToUIKitTests.xctest */;
			productType = "com.apple.product-type.bundle.unit-test";
		};
		922915C02C7831260009D287 /* SwiftUIInToUIKitUITests */ = {
			isa = PBXNativeTarget;
			buildConfigurationList = 922915D12C7831260009D287 /* Build configuration list for PBXNativeTarget "SwiftUIInToUIKitUITests" */;
			buildPhases = (
				922915BD2C7831260009D287 /* Sources */,
				922915BE2C7831260009D287 /* Frameworks */,
				922915BF2C7831260009D287 /* Resources */,
			);
			buildRules = (
			);
			dependencies = (
				922915C32C7831260009D287 /* PBXTargetDependency */,
			);
			name = SwiftUIInToUIKitUITests;
			productName = SwiftUIInToUIKitUITests;
			productReference = 922915C12C7831260009D287 /* SwiftUIInToUIKitUITests.xctest */;
			productType = "com.apple.product-type.bundle.ui-testing";
		};
/* End PBXNativeTarget section */

/* Begin PBXProject section */
		922915992C7831240009D287 /* Project object */ = {
			isa = PBXProject;
			attributes = {
				BuildIndependentTargetsInParallel = 1;
				LastSwiftUpdateCheck = 1540;
				LastUpgradeCheck = 1540;
				TargetAttributes = {
					922915A02C7831240009D287 = {
						CreatedOnToolsVersion = 15.4;
					};
					922915B62C7831260009D287 = {
						CreatedOnToolsVersion = 15.4;
						TestTargetID = 922915A02C7831240009D287;
					};
					922915C02C7831260009D287 = {
						CreatedOnToolsVersion = 15.4;
						TestTargetID = 922915A02C7831240009D287;
					};
				};
			};
			buildConfigurationList = 9229159C2C7831240009D287 /* Build configuration list for PBXProject "SwiftUIInToUIKit" */;
			compatibilityVersion = "Xcode 14.0";
			developmentRegion = en;
			hasScannedForEncodings = 0;
			knownRegions = (
				en,
				Base,
			);
			mainGroup = 922915982C7831240009D287;
			productRefGroup = 922915A22C7831240009D287 /* Products */;
			projectDirPath = "";
			projectRoot = "";
			targets = (
				922915A02C7831240009D287 /* SwiftUIInToUIKit */,
				922915B62C7831260009D287 /* SwiftUIInToUIKitTests */,
				922915C02C7831260009D287 /* SwiftUIInToUIKitUITests */,
			);
		};
/* End PBXProject section */

/* Begin PBXResourcesBuildPhase section */
		9229159F2C7831240009D287 /* Resources */ = {
			isa = PBXResourcesBuildPhase;
			buildActionMask = 2147483647;
			files = (
				922915AE2C7831260009D287 /* Assets.xcassets in Resources */,
				922915B12C7831260009D287 /* Base in Resources */,
				922915AC2C7831240009D287 /* Base in Resources */,
			);
			runOnlyForDeploymentPostprocessing = 0;
		};
		922915B52C7831260009D287 /* Resources */ = {
			isa = PBXResourcesBuildPhase;
			buildActionMask = 2147483647;
			files = (
			);
			runOnlyForDeploymentPostprocessing = 0;
		};
		922915BF2C7831260009D287 /* Resources */ = {
			isa = PBXResourcesBuildPhase;
			buildActionMask = 2147483647;
			files = (
			);
			runOnlyForDeploymentPostprocessing = 0;
		};
/* End PBXResourcesBuildPhase section */

/* Begin PBXSourcesBuildPhase section */
		9229159D2C7831240009D287 /* Sources */ = {
			isa = PBXSourcesBuildPhase;
			buildActionMask = 2147483647;
			files = (
				922915A92C7831240009D287 /* ViewController.swift in Sources */,
				922915D52C7831690009D287 /* DemoView.swift in Sources */,
				922915A52C7831240009D287 /* AppDelegate.swift in Sources */,
				922915A72C7831240009D287 /* SceneDelegate.swift in Sources */,
				9232563D2C783C33005DA792 /* SwiftUIViewController.swift in Sources */,
			);
			runOnlyForDeploymentPostprocessing = 0;
		};
		922915B32C7831260009D287 /* Sources */ = {
			isa = PBXSourcesBuildPhase;
			buildActionMask = 2147483647;
			files = (
				922915BC2C7831260009D287 /* SwiftUIInToUIKitTests.swift in Sources */,
			);
			runOnlyForDeploymentPostprocessing = 0;
		};
		922915BD2C7831260009D287 /* Sources */ = {
			isa = PBXSourcesBuildPhase;
			buildActionMask = 2147483647;
			files = (
				922915C62C7831260009D287 /* SwiftUIInToUIKitUITests.swift in Sources */,
				922915C82C7831260009D287 /* SwiftUIInToUIKitUITestsLaunchTests.swift in Sources */,
			);
			runOnlyForDeploymentPostprocessing = 0;
		};
/* End PBXSourcesBuildPhase section */

/* Begin PBXTargetDependency section */
		922915B92C7831260009D287 /* PBXTargetDependency */ = {
			isa = PBXTargetDependency;
			target = 922915A02C7831240009D287 /* SwiftUIInToUIKit */;
			targetProxy = 922915B82C7831260009D287 /* PBXContainerItemProxy */;
		};
		922915C32C7831260009D287 /* PBXTargetDependency */ = {
			isa = PBXTargetDependency;
			target = 922915A02C7831240009D287 /* SwiftUIInToUIKit */;
			targetProxy = 922915C22C7831260009D287 /* PBXContainerItemProxy */;
		};
/* End PBXTargetDependency section */

/* Begin PBXVariantGroup section */
		922915AA2C7831240009D287 /* Main.storyboard */ = {
			isa = PBXVariantGroup;
			children = (
				922915AB2C7831240009D287 /* Base */,
			);
			name = Main.storyboard;
			sourceTree = "<group>";
		};
		922915AF2C7831260009D287 /* LaunchScreen.storyboard */ = {
			isa = PBXVariantGroup;
			children = (
				922915B02C7831260009D287 /* Base */,
			);
			name = LaunchScreen.storyboard;
			sourceTree = "<group>";
		};
/* End PBXVariantGroup section */

/* Begin XCBuildConfiguration section */
		922915C92C7831260009D287 /* Debug */ = {
			isa = XCBuildConfiguration;
			buildSettings = {
				ALWAYS_SEARCH_USER_PATHS = NO;
				ASSETCATALOG_COMPILER_GENERATE_SWIFT_ASSET_SYMBOL_EXTENSIONS = YES;
				CLANG_ANALYZER_NONNULL = YES;
				CLANG_ANALYZER_NUMBER_OBJECT_CONVERSION = YES_AGGRESSIVE;
				CLANG_CXX_LANGUAGE_STANDARD = "gnu++20";
				CLANG_ENABLE_MODULES = YES;
				CLANG_ENABLE_OBJC_ARC = YES;
				CLANG_ENABLE_OBJC_WEAK = YES;
				CLANG_WARN_BLOCK_CAPTURE_AUTORELEASING = YES;
				CLANG_WARN_BOOL_CONVERSION = YES;
				CLANG_WARN_COMMA = YES;
				CLANG_WARN_CONSTANT_CONVERSION = YES;
				CLANG_WARN_DEPRECATED_OBJC_IMPLEMENTATIONS = YES;
				CLANG_WARN_DIRECT_OBJC_ISA_USAGE = YES_ERROR;
				CLANG_WARN_DOCUMENTATION_COMMENTS = YES;
				CLANG_WARN_EMPTY_BODY = YES;
				CLANG_WARN_ENUM_CONVERSION = YES;
				CLANG_WARN_INFINITE_RECURSION = YES;
				CLANG_WARN_INT_CONVERSION = YES;
				CLANG_WARN_NON_LITERAL_NULL_CONVERSION = YES;
				CLANG_WARN_OBJC_IMPLICIT_RETAIN_SELF = YES;
				CLANG_WARN_OBJC_LITERAL_CONVERSION = YES;
				CLANG_WARN_OBJC_ROOT_CLASS = YES_ERROR;
				CLANG_WARN_QUOTED_INCLUDE_IN_FRAMEWORK_HEADER = YES;
				CLANG_WARN_RANGE_LOOP_ANALYSIS = YES;
				CLANG_WARN_STRICT_PROTOTYPES = YES;
				CLANG_WARN_SUSPICIOUS_MOVE = YES;
				CLANG_WARN_UNGUARDED_AVAILABILITY = YES_AGGRESSIVE;
				CLANG_WARN_UNREACHABLE_CODE = YES;
				CLANG_WARN__DUPLICATE_METHOD_MATCH = YES;
				COPY_PHASE_STRIP = NO;
				DEBUG_INFORMATION_FORMAT = dwarf;
				ENABLE_STRICT_OBJC_MSGSEND = YES;
				ENABLE_TESTABILITY = YES;
				ENABLE_USER_SCRIPT_SANDBOXING = YES;
				GCC_C_LANGUAGE_STANDARD = gnu17;
				GCC_DYNAMIC_NO_PIC = NO;
				GCC_NO_COMMON_BLOCKS = YES;
				GCC_OPTIMIZATION_LEVEL = 0;
				GCC_PREPROCESSOR_DEFINITIONS = (
					"DEBUG=1",
					"$(inherited)",
				);
				GCC_WARN_64_TO_32_BIT_CONVERSION = YES;
				GCC_WARN_ABOUT_RETURN_TYPE = YES_ERROR;
				GCC_WARN_UNDECLARED_SELECTOR = YES;
				GCC_WARN_UNINITIALIZED_AUTOS = YES_AGGRESSIVE;
				GCC_WARN_UNUSED_FUNCTION = YES;
				GCC_WARN_UNUSED_VARIABLE = YES;
				IPHONEOS_DEPLOYMENT_TARGET = 17.5;
				LOCALIZATION_PREFERS_STRING_CATALOGS = YES;
				MTL_ENABLE_DEBUG_INFO = INCLUDE_SOURCE;
				MTL_FAST_MATH = YES;
				ONLY_ACTIVE_ARCH = YES;
				SDKROOT = iphoneos;
				SWIFT_ACTIVE_COMPILATION_CONDITIONS = "DEBUG $(inherited)";
				SWIFT_OPTIMIZATION_LEVEL = "-Onone";
			};
			name = Debug;
		};
		922915CA2C7831260009D287 /* Release */ = {
			isa = XCBuildConfiguration;
			buildSettings = {
				ALWAYS_SEARCH_USER_PATHS = NO;
				ASSETCATALOG_COMPILER_GENERATE_SWIFT_ASSET_SYMBOL_EXTENSIONS = YES;
				CLANG_ANALYZER_NONNULL = YES;
				CLANG_ANALYZER_NUMBER_OBJECT_CONVERSION = YES_AGGRESSIVE;
				CLANG_CXX_LANGUAGE_STANDARD = "gnu++20";
				CLANG_ENABLE_MODULES = YES;
				CLANG_ENABLE_OBJC_ARC = YES;
				CLANG_ENABLE_OBJC_WEAK = YES;
				CLANG_WARN_BLOCK_CAPTURE_AUTORELEASING = YES;
				CLANG_WARN_BOOL_CONVERSION = YES;
				CLANG_WARN_COMMA = YES;
				CLANG_WARN_CONSTANT_CONVERSION = YES;
				CLANG_WARN_DEPRECATED_OBJC_IMPLEMENTATIONS = YES;
				CLANG_WARN_DIRECT_OBJC_ISA_USAGE = YES_ERROR;
				CLANG_WARN_DOCUMENTATION_COMMENTS = YES;
				CLANG_WARN_EMPTY_BODY = YES;
				CLANG_WARN_ENUM_CONVERSION = YES;
				CLANG_WARN_INFINITE_RECURSION = YES;
				CLANG_WARN_INT_CONVERSION = YES;
				CLANG_WARN_NON_LITERAL_NULL_CONVERSION = YES;
				CLANG_WARN_OBJC_IMPLICIT_RETAIN_SELF = YES;
				CLANG_WARN_OBJC_LITERAL_CONVERSION = YES;
				CLANG_WARN_OBJC_ROOT_CLASS = YES_ERROR;
				CLANG_WARN_QUOTED_INCLUDE_IN_FRAMEWORK_HEADER = YES;
				CLANG_WARN_RANGE_LOOP_ANALYSIS = YES;
				CLANG_WARN_STRICT_PROTOTYPES = YES;
				CLANG_WARN_SUSPICIOUS_MOVE = YES;
				CLANG_WARN_UNGUARDED_AVAILABILITY = YES_AGGRESSIVE;
				CLANG_WARN_UNREACHABLE_CODE = YES;
				CLANG_WARN__DUPLICATE_METHOD_MATCH = YES;
				COPY_PHASE_STRIP = NO;
				DEBUG_INFORMATION_FORMAT = "dwarf-with-dsym";
				ENABLE_NS_ASSERTIONS = NO;
				ENABLE_STRICT_OBJC_MSGSEND = YES;
				ENABLE_USER_SCRIPT_SANDBOXING = YES;
				GCC_C_LANGUAGE_STANDARD = gnu17;
				GCC_NO_COMMON_BLOCKS = YES;
				GCC_WARN_64_TO_32_BIT_CONVERSION = YES;
				GCC_WARN_ABOUT_RETURN_TYPE = YES_ERROR;
				GCC_WARN_UNDECLARED_SELECTOR = YES;
				GCC_WARN_UNINITIALIZED_AUTOS = YES_AGGRESSIVE;
				GCC_WARN_UNUSED_FUNCTION = YES;
				GCC_WARN_UNUSED_VARIABLE = YES;
				IPHONEOS_DEPLOYMENT_TARGET = 17.5;
				LOCALIZATION_PREFERS_STRING_CATALOGS = YES;
				MTL_ENABLE_DEBUG_INFO = NO;
				MTL_FAST_MATH = YES;
				SDKROOT = iphoneos;
				SWIFT_COMPILATION_MODE = wholemodule;
				VALIDATE_PRODUCT = YES;
			};
			name = Release;
		};
		922915CC2C7831260009D287 /* Debug */ = {
			isa = XCBuildConfiguration;
			buildSettings = {
				ASSETCATALOG_COMPILER_APPICON_NAME = AppIcon;
				ASSETCATALOG_COMPILER_GLOBAL_ACCENT_COLOR_NAME = AccentColor;
				CODE_SIGN_STYLE = Automatic;
				CURRENT_PROJECT_VERSION = 1;
				DEVELOPMENT_TEAM = 73FFR772T2;
				GENERATE_INFOPLIST_FILE = YES;
				INFOPLIST_FILE = SwiftUIInToUIKit/Info.plist;
				INFOPLIST_KEY_UIApplicationSupportsIndirectInputEvents = YES;
				INFOPLIST_KEY_UILaunchStoryboardName = LaunchScreen;
				INFOPLIST_KEY_UIMainStoryboardFile = Main;
				INFOPLIST_KEY_UISupportedInterfaceOrientations_iPad = "UIInterfaceOrientationPortrait UIInterfaceOrientationPortraitUpsideDown UIInterfaceOrientationLandscapeLeft UIInterfaceOrientationLandscapeRight";
				INFOPLIST_KEY_UISupportedInterfaceOrientations_iPhone = "UIInterfaceOrientationPortrait UIInterfaceOrientationLandscapeLeft UIInterfaceOrientationLandscapeRight";
				LD_RUNPATH_SEARCH_PATHS = (
					"$(inherited)",
					"@executable_path/Frameworks",
				);
				MARKETING_VERSION = 1.0;
				PRODUCT_BUNDLE_IDENTIFIER = VinhHuynh.SwiftUIInToUIKit;
				PRODUCT_NAME = "$(TARGET_NAME)";
				SWIFT_EMIT_LOC_STRINGS = YES;
				SWIFT_VERSION = 5.0;
				TARGETED_DEVICE_FAMILY = "1,2";
			};
			name = Debug;
		};
		922915CD2C7831260009D287 /* Release */ = {
			isa = XCBuildConfiguration;
			buildSettings = {
				ASSETCATALOG_COMPILER_APPICON_NAME = AppIcon;
				ASSETCATALOG_COMPILER_GLOBAL_ACCENT_COLOR_NAME = AccentColor;
				CODE_SIGN_STYLE = Automatic;
				CURRENT_PROJECT_VERSION = 1;
				DEVELOPMENT_TEAM = 73FFR772T2;
				GENERATE_INFOPLIST_FILE = YES;
				INFOPLIST_FILE = SwiftUIInToUIKit/Info.plist;
				INFOPLIST_KEY_UIApplicationSupportsIndirectInputEvents = YES;
				INFOPLIST_KEY_UILaunchStoryboardName = LaunchScreen;
				INFOPLIST_KEY_UIMainStoryboardFile = Main;
				INFOPLIST_KEY_UISupportedInterfaceOrientations_iPad = "UIInterfaceOrientationPortrait UIInterfaceOrientationPortraitUpsideDown UIInterfaceOrientationLandscapeLeft UIInterfaceOrientationLandscapeRight";
				INFOPLIST_KEY_UISupportedInterfaceOrientations_iPhone = "UIInterfaceOrientationPortrait UIInterfaceOrientationLandscapeLeft UIInterfaceOrientationLandscapeRight";
				LD_RUNPATH_SEARCH_PATHS = (
					"$(inherited)",
					"@executable_path/Frameworks",
				);
				MARKETING_VERSION = 1.0;
				PRODUCT_BUNDLE_IDENTIFIER = VinhHuynh.SwiftUIInToUIKit;
				PRODUCT_NAME = "$(TARGET_NAME)";
				SWIFT_EMIT_LOC_STRINGS = YES;
				SWIFT_VERSION = 5.0;
				TARGETED_DEVICE_FAMILY = "1,2";
			};
			name = Release;
		};
		922915CF2C7831260009D287 /* Debug */ = {
			isa = XCBuildConfiguration;
			buildSettings = {
				ALWAYS_EMBED_SWIFT_STANDARD_LIBRARIES = YES;
				BUNDLE_LOADER = "$(TEST_HOST)";
				CODE_SIGN_STYLE = Automatic;
				CURRENT_PROJECT_VERSION = 1;
				DEVELOPMENT_TEAM = 73FFR772T2;
				GENERATE_INFOPLIST_FILE = YES;
				IPHONEOS_DEPLOYMENT_TARGET = 17.5;
				MARKETING_VERSION = 1.0;
				PRODUCT_BUNDLE_IDENTIFIER = VinhHuynh.SwiftUIInToUIKitTests;
				PRODUCT_NAME = "$(TARGET_NAME)";
				SWIFT_EMIT_LOC_STRINGS = NO;
				SWIFT_VERSION = 5.0;
				TARGETED_DEVICE_FAMILY = "1,2";
				TEST_HOST = "$(BUILT_PRODUCTS_DIR)/SwiftUIInToUIKit.app/$(BUNDLE_EXECUTABLE_FOLDER_PATH)/SwiftUIInToUIKit";
			};
			name = Debug;
		};
		922915D02C7831260009D287 /* Release */ = {
			isa = XCBuildConfiguration;
			buildSettings = {
				ALWAYS_EMBED_SWIFT_STANDARD_LIBRARIES = YES;
				BUNDLE_LOADER = "$(TEST_HOST)";
				CODE_SIGN_STYLE = Automatic;
				CURRENT_PROJECT_VERSION = 1;
				DEVELOPMENT_TEAM = 73FFR772T2;
				GENERATE_INFOPLIST_FILE = YES;
				IPHONEOS_DEPLOYMENT_TARGET = 17.5;
				MARKETING_VERSION = 1.0;
				PRODUCT_BUNDLE_IDENTIFIER = VinhHuynh.SwiftUIInToUIKitTests;
				PRODUCT_NAME = "$(TARGET_NAME)";
				SWIFT_EMIT_LOC_STRINGS = NO;
				SWIFT_VERSION = 5.0;
				TARGETED_DEVICE_FAMILY = "1,2";
				TEST_HOST = "$(BUILT_PRODUCTS_DIR)/SwiftUIInToUIKit.app/$(BUNDLE_EXECUTABLE_FOLDER_PATH)/SwiftUIInToUIKit";
			};
			name = Release;
		};
		922915D22C7831260009D287 /* Debug */ = {
			isa = XCBuildConfiguration;
			buildSettings = {
				ALWAYS_EMBED_SWIFT_STANDARD_LIBRARIES = YES;
				CODE_SIGN_STYLE = Automatic;
				CURRENT_PROJECT_VERSION = 1;
				DEVELOPMENT_TEAM = 73FFR772T2;
				GENERATE_INFOPLIST_FILE = YES;
				MARKETING_VERSION = 1.0;
				PRODUCT_BUNDLE_IDENTIFIER = VinhHuynh.SwiftUIInToUIKitUITests;
				PRODUCT_NAME = "$(TARGET_NAME)";
				SWIFT_EMIT_LOC_STRINGS = NO;
				SWIFT_VERSION = 5.0;
				TARGETED_DEVICE_FAMILY = "1,2";
				TEST_TARGET_NAME = SwiftUIInToUIKit;
			};
			name = Debug;
		};
		922915D32C7831260009D287 /* Release */ = {
			isa = XCBuildConfiguration;
			buildSettings = {
				ALWAYS_EMBED_SWIFT_STANDARD_LIBRARIES = YES;
				CODE_SIGN_STYLE = Automatic;
				CURRENT_PROJECT_VERSION = 1;
				DEVELOPMENT_TEAM = 73FFR772T2;
				GENERATE_INFOPLIST_FILE = YES;
				MARKETING_VERSION = 1.0;
				PRODUCT_BUNDLE_IDENTIFIER = VinhHuynh.SwiftUIInToUIKitUITests;
				PRODUCT_NAME = "$(TARGET_NAME)";
				SWIFT_EMIT_LOC_STRINGS = NO;
				SWIFT_VERSION = 5.0;
				TARGETED_DEVICE_FAMILY = "1,2";
				TEST_TARGET_NAME = SwiftUIInToUIKit;
			};
			name = Release;
		};
/* End XCBuildConfiguration section */

/* Begin XCConfigurationList section */
		9229159C2C7831240009D287 /* Build configuration list for PBXProject "SwiftUIInToUIKit" */ = {
			isa = XCConfigurationList;
			buildConfigurations = (
				922915C92C7831260009D287 /* Debug */,
				922915CA2C7831260009D287 /* Release */,
			);
			defaultConfigurationIsVisible = 0;
			defaultConfigurationName = Release;
		};
		922915CB2C7831260009D287 /* Build configuration list for PBXNativeTarget "SwiftUIInToUIKit" */ = {
			isa = XCConfigurationList;
			buildConfigurations = (
				922915CC2C7831260009D287 /* Debug */,
				922915CD2C7831260009D287 /* Release */,
			);
			defaultConfigurationIsVisible = 0;
			defaultConfigurationName = Release;
		};
		922915CE2C7831260009D287 /* Build configuration list for PBXNativeTarget "SwiftUIInToUIKitTests" */ = {
			isa = XCConfigurationList;
			buildConfigurations = (
				922915CF2C7831260009D287 /* Debug */,
				922915D02C7831260009D287 /* Release */,
			);
			defaultConfigurationIsVisible = 0;
			defaultConfigurationName = Release;
		};
		922915D12C7831260009D287 /* Build configuration list for PBXNativeTarget "SwiftUIInToUIKitUITests" */ = {
			isa = XCConfigurationList;
			buildConfigurations = (
				922915D22C7831260009D287 /* Debug */,
				922915D32C7831260009D287 /* Release */,
			);
			defaultConfigurationIsVisible = 0;
			defaultConfigurationName = Release;
		};
/* End XCConfigurationList section */
	};
	rootObject = 922915992C7831240009D287 /* Project object */;
}
